
Microsoft Visual Studio Solution File, Format Version 12.00
Project("{FAE04EC0-301F-11D3-BF4B-00C04F79EFBC}") = "SharedNotes", "SharedNotes\SharedNotes.csproj", "{01456E3A-94FF-4462-8BA1-DC0877C30A03}"
EndProject
Project("{2150E333-8FDC-42A3-9474-1A3956D46DE8}") = "Tests", "Tests", "{43F058C2-E3DD-4C7C-BE0C-BC7E38D6B102}"
EndProject
Project("{FAE04EC0-301F-11D3-BF4B-00C04F79EFBC}") = "SharedNotes.Tests", "SharedNotes.Tests\SharedNotes.Tests.csproj", "{541AD138-55AC-4AB2-9622-46AD9FDAE545}"
EndProject
Global
	GlobalSection(SolutionConfigurationPlatforms) = preSolution
		Debug|Any CPU = Debug|Any CPU
		Release|Any CPU = Release|Any CPU
	EndGlobalSection
	GlobalSection(ProjectConfigurationPlatforms) = postSolution
		{01456E3A-94FF-4462-8BA1-DC0877C30A03}.Debug|Any CPU.ActiveCfg = Debug|Any CPU
		{01456E3A-94FF-4462-8BA1-DC0877C30A03}.Debug|Any CPU.Build.0 = Debug|Any CPU
		{01456E3A-94FF-4462-8BA1-DC0877C30A03}.Release|Any CPU.ActiveCfg = Release|Any CPU
		{01456E3A-94FF-4462-8BA1-DC0877C30A03}.Release|Any CPU.Build.0 = Release|Any CPU
		{541AD138-55AC-4AB2-9622-46AD9FDAE545}.Debug|Any CPU.ActiveCfg = Debug|Any CPU
		{541AD138-55AC-4AB2-9622-46AD9FDAE545}.Debug|Any CPU.Build.0 = Debug|Any CPU
		{541AD138-55AC-4AB2-9622-46AD9FDAE545}.Release|Any CPU.ActiveCfg = Release|Any CPU
		{541AD138-55AC-4AB2-9622-46AD9FDAE545}.Release|Any CPU.Build.0 = Release|Any CPU
	EndGlobalSection
	GlobalSection(NestedProjects) = preSolution
		{541AD138-55AC-4AB2-9622-46AD9FDAE545} = {43F058C2-E3DD-4C7C-BE0C-BC7E38D6B102}
	EndGlobalSection
EndGlobal
